
Microsoft Visual Studio Solution File, Format Version 12.00
# Visual Studio Version 16
VisualStudioVersion = 16.0.31624.102
MinimumVisualStudioVersion = 10.0.40219.1
Project("{FAE04EC0-301F-11D3-BF4B-00C04F79EFBC}") = "ExMatrizEmerios", "ExMatrizEmerios\ExMatrizEmerios.csproj", "{7BF73EE1-03AB-4E8B-9DB2-119605996B29}"
EndProject
Global
	GlobalSection(SolutionConfigurationPlatforms) = preSolution
		Debug|Any CPU = Debug|Any CPU
		Release|Any CPU = Release|Any CPU
	EndGlobalSection
	GlobalSection(ProjectConfigurationPlatforms) = postSolution
		{7BF73EE1-03AB-4E8B-9DB2-119605996B29}.Debug|Any CPU.ActiveCfg = Debug|Any CPU
		{7BF73EE1-03AB-4E8B-9DB2-119605996B29}.Debug|Any CPU.Build.0 = Debug|Any CPU
		{7BF73EE1-03AB-4E8B-9DB2-119605996B29}.Release|Any CPU.ActiveCfg = Release|Any CPU
		{7BF73EE1-03AB-4E8B-9DB2-119605996B29}.Release|Any CPU.Build.0 = Release|Any CPU
	EndGlobalSection
	GlobalSection(SolutionProperties) = preSolution
		HideSolutionNode = FALSE
	EndGlobalSection
	GlobalSection(ExtensibilityGlobals) = postSolution
		SolutionGuid = {0F905E1D-D2C1-482C-AF42-A1FCBB05DBB2}
	EndGlobalSection
EndGlobal
